
Microsoft Visual Studio Solution File, Format Version 12.00
# Visual Studio Version 17
VisualStudioVersion = 17.8.34316.72
MinimumVisualStudioVersion = 10.0.40219.1
Project("{888888A0-9F3D-457C-B088-3A5042F75D52}") = "SeriviciosDent", "SeriviciosDent.pyproj", "{3C8A9B39-5180-4CA8-B00B-7B6BE93B204B}"
EndProject
Global
	GlobalSection(SolutionConfigurationPlatforms) = preSolution
		Debug|Any CPU = Debug|Any CPU
		Release|Any CPU = Release|Any CPU
	EndGlobalSection
	GlobalSection(ProjectConfigurationPlatforms) = postSolution
		{3C8A9B39-5180-4CA8-B00B-7B6BE93B204B}.Debug|Any CPU.ActiveCfg = Debug|Any CPU
		{3C8A9B39-5180-4CA8-B00B-7B6BE93B204B}.Release|Any CPU.ActiveCfg = Release|Any CPU
	EndGlobalSection
	GlobalSection(SolutionProperties) = preSolution
		HideSolutionNode = FALSE
	EndGlobalSection
	GlobalSection(ExtensibilityGlobals) = postSolution
		SolutionGuid = {233916B3-FE0C-42F3-AF7E-9AECE9D0B6D6}
	EndGlobalSection
EndGlobal
